
Microsoft Visual Studio Solution File, Format Version 12.00
# Visual Studio 15
VisualStudioVersion = 15.0.27130.2027
MinimumVisualStudioVersion = 10.0.40219.1
Project("{9A19103F-16F7-4668-BE54-9A1E7A4F7556}") = "Console.Host", "src\Console.Host\Console.Host.csproj", "{D6756D82-759C-49C3-A729-A3475C36BB13}"
EndProject
Project("{9A19103F-16F7-4668-BE54-9A1E7A4F7556}") = "Console.Host.Tests", "test\Console.Host.Tests\Console.Host.Tests.csproj", "{DA22610D-E680-443B-B586-517616CC86AE}"
EndProject
Project("{9A19103F-16F7-4668-BE54-9A1E7A4F7556}") = "Console.Host.Abstractions", "src\Console.Host.Abstractions\Console.Host.Abstractions.csproj", "{1FB79DF6-9958-4FEF-84CB-70C672CBB6C6}"
EndProject
Project("{2150E333-8FDC-42A3-9474-1A3956D46DE8}") = "Solution Items", "Solution Items", "{4E21BD8D-81AE-4AE9-97D6-5832ECA3509F}"
	ProjectSection(SolutionItems) = preProject
		ConsoleHost.targets = ConsoleHost.targets
		LICENSE = LICENSE
		readme.md = readme.md
	EndProjectSection
EndProject
Project("{9A19103F-16F7-4668-BE54-9A1E7A4F7556}") = "Console.Host.ApplicationInsights", "src\Console.Host.ApplicationInsights\Console.Host.ApplicationInsights.csproj", "{7AFBB031-750A-4AAB-9CD7-548357D372AA}"
EndProject
Project("{9A19103F-16F7-4668-BE54-9A1E7A4F7556}") = "Console.Host.Dataflow", "src\Console.Host.Dataflow\Console.Host.Dataflow.csproj", "{2BCDC79F-6828-4090-99A0-4CD7F135FAEC}"
EndProject
Global
	GlobalSection(SolutionConfigurationPlatforms) = preSolution
		Debug|Any CPU = Debug|Any CPU
		Release|Any CPU = Release|Any CPU
	EndGlobalSection
	GlobalSection(ProjectConfigurationPlatforms) = postSolution
		{D6756D82-759C-49C3-A729-A3475C36BB13}.Debug|Any CPU.ActiveCfg = Debug|Any CPU
		{D6756D82-759C-49C3-A729-A3475C36BB13}.Debug|Any CPU.Build.0 = Debug|Any CPU
		{D6756D82-759C-49C3-A729-A3475C36BB13}.Release|Any CPU.ActiveCfg = Release|Any CPU
		{D6756D82-759C-49C3-A729-A3475C36BB13}.Release|Any CPU.Build.0 = Release|Any CPU
		{DA22610D-E680-443B-B586-517616CC86AE}.Debug|Any CPU.ActiveCfg = Debug|Any CPU
		{DA22610D-E680-443B-B586-517616CC86AE}.Debug|Any CPU.Build.0 = Debug|Any CPU
		{DA22610D-E680-443B-B586-517616CC86AE}.Release|Any CPU.ActiveCfg = Release|Any CPU
		{DA22610D-E680-443B-B586-517616CC86AE}.Release|Any CPU.Build.0 = Release|Any CPU
		{1FB79DF6-9958-4FEF-84CB-70C672CBB6C6}.Debug|Any CPU.ActiveCfg = Debug|Any CPU
		{1FB79DF6-9958-4FEF-84CB-70C672CBB6C6}.Debug|Any CPU.Build.0 = Debug|Any CPU
		{1FB79DF6-9958-4FEF-84CB-70C672CBB6C6}.Release|Any CPU.ActiveCfg = Release|Any CPU
		{1FB79DF6-9958-4FEF-84CB-70C672CBB6C6}.Release|Any CPU.Build.0 = Release|Any CPU
		{7AFBB031-750A-4AAB-9CD7-548357D372AA}.Debug|Any CPU.ActiveCfg = Debug|Any CPU
		{7AFBB031-750A-4AAB-9CD7-548357D372AA}.Debug|Any CPU.Build.0 = Debug|Any CPU
		{7AFBB031-750A-4AAB-9CD7-548357D372AA}.Release|Any CPU.ActiveCfg = Release|Any CPU
		{7AFBB031-750A-4AAB-9CD7-548357D372AA}.Release|Any CPU.Build.0 = Release|Any CPU
		{2BCDC79F-6828-4090-99A0-4CD7F135FAEC}.Debug|Any CPU.ActiveCfg = Debug|Any CPU
		{2BCDC79F-6828-4090-99A0-4CD7F135FAEC}.Debug|Any CPU.Build.0 = Debug|Any CPU
		{2BCDC79F-6828-4090-99A0-4CD7F135FAEC}.Release|Any CPU.ActiveCfg = Release|Any CPU
		{2BCDC79F-6828-4090-99A0-4CD7F135FAEC}.Release|Any CPU.Build.0 = Release|Any CPU
	EndGlobalSection
	GlobalSection(SolutionProperties) = preSolution
		HideSolutionNode = FALSE
	EndGlobalSection
	GlobalSection(ExtensibilityGlobals) = postSolution
		SolutionGuid = {EFC1B73B-F5BF-44EB-99A3-792E2BD2276F}
	EndGlobalSection
EndGlobal
